
Microsoft Visual Studio Solution File, Format Version 11.00
# Visual Studio 2010
Project("{FAE04EC0-301F-11D3-BF4B-00C04F79EFBC}") = "Gredactor", "Gredactor\Gredactor.csproj", "{487B127C-C578-4953-8470-83DAA300ADA8}"
EndProject
Project("{FAE04EC0-301F-11D3-BF4B-00C04F79EFBC}") = "GredactorTest", "GredactorTest\GredactorTest.csproj", "{218B8DC0-44B1-4ABF-9261-CFEA5A71AE56}"
	ProjectSection(ProjectDependencies) = postProject
		{487B127C-C578-4953-8470-83DAA300ADA8} = {487B127C-C578-4953-8470-83DAA300ADA8}
	EndProjectSection
EndProject
Project("{2150E333-8FDC-42A3-9474-1A3956D46DE8}") = "Solution Items", "Solution Items", "{C3786AC0-0D39-43A2-BA89-A38388528C5C}"
	ProjectSection(SolutionItems) = preProject
		Gredactor.vsmdi = Gredactor.vsmdi
		Local.testsettings = Local.testsettings
		TraceAndTestImpact.testsettings = TraceAndTestImpact.testsettings
	EndProjectSection
EndProject
Project("{FAE04EC0-301F-11D3-BF4B-00C04F79EFBC}") = "GrayscaleEffect", "GrayscaleEffect\GrayscaleEffect.csproj", "{48C8EABF-85AE-4CD5-8FA6-DEE10DE08325}"
EndProject
Project("{FAE04EC0-301F-11D3-BF4B-00C04F79EFBC}") = "ColorChannelEffect", "ColorChannelEffect\ColorChannelEffect.csproj", "{CD1A3794-1217-4775-8D29-3C8F2B2C0B30}"
EndProject
Project("{FAE04EC0-301F-11D3-BF4B-00C04F79EFBC}") = "ContrastEffect", "AutolevelsEffect\ContrastEffect.csproj", "{CDBD3589-81F7-4E1C-889A-A050B15CFC8E}"
EndProject
Project("{FAE04EC0-301F-11D3-BF4B-00C04F79EFBC}") = "GrayworldEffect", "GrayworldEffect\GrayworldEffect.csproj", "{8C075A91-D977-4C5F-814A-9AA2A210B931}"
EndProject
Project("{FAE04EC0-301F-11D3-BF4B-00C04F79EFBC}") = "FilterProcessing", "FilterProcessing\FilterProcessing.csproj", "{CCE767A1-7223-461A-A413-2225BBE20DE4}"
EndProject
Project("{FAE04EC0-301F-11D3-BF4B-00C04F79EFBC}") = "GaussBlurEffect", "GaussBlurEffect\GaussBlurEffect.csproj", "{70D2C305-AC26-4A91-AEA9-6F8C12713EBE}"
EndProject
Project("{FAE04EC0-301F-11D3-BF4B-00C04F79EFBC}") = "MedianFilter", "MedianFilter\MedianFilter.csproj", "{8C302F2E-4EB2-4BB1-9CE5-624FA4C376F2}"
EndProject
Project("{FAE04EC0-301F-11D3-BF4B-00C04F79EFBC}") = "SobelFilter", "SobelFilter\SobelFilter.csproj", "{C506EB60-1EB3-42E4-8E1A-828C05E4BF6B}"
EndProject
Project("{FAE04EC0-301F-11D3-BF4B-00C04F79EFBC}") = "CustomFilter", "CustomFilter\CustomFilter.csproj", "{C8793F0F-21AB-4316-9123-07A561AF6C76}"
EndProject
Project("{FAE04EC0-301F-11D3-BF4B-00C04F79EFBC}") = "Rotation", "Rotation\Rotation.csproj", "{F3D8551F-0E2A-478B-BE42-C0B3DC8EA9D5}"
EndProject
Project("{FAE04EC0-301F-11D3-BF4B-00C04F79EFBC}") = "Scale", "Scale\Scale.csproj", "{1F3192BF-125E-4D51-B63F-621BB269CB24}"
EndProject
Project("{FAE04EC0-301F-11D3-BF4B-00C04F79EFBC}") = "NeonEffect", "NeonEffect\NeonEffect.csproj", "{D19D50BD-ACB2-4205-8CCB-6353E8D176B4}"
EndProject
Project("{FAE04EC0-301F-11D3-BF4B-00C04F79EFBC}") = "GlassEffect", "GlassEffect\GlassEffect.csproj", "{1F34E882-426D-453C-9DC2-ED1A4C908907}"
EndProject
Project("{FAE04EC0-301F-11D3-BF4B-00C04F79EFBC}") = "FileMover", "FileMover\FileMover.csproj", "{6854E1D2-DBBE-41CB-922D-3F746FBEEA9F}"
EndProject
Global
	GlobalSection(TestCaseManagementSettings) = postSolution
		CategoryFile = Gredactor.vsmdi
	EndGlobalSection
	GlobalSection(SolutionConfigurationPlatforms) = preSolution
		Debug|Any CPU = Debug|Any CPU
		Debug|Mixed Platforms = Debug|Mixed Platforms
		Debug|x86 = Debug|x86
		Release|Any CPU = Release|Any CPU
		Release|Mixed Platforms = Release|Mixed Platforms
		Release|x86 = Release|x86
	EndGlobalSection
	GlobalSection(ProjectConfigurationPlatforms) = postSolution
		{487B127C-C578-4953-8470-83DAA300ADA8}.Debug|Any CPU.ActiveCfg = Debug|x86
		{487B127C-C578-4953-8470-83DAA300ADA8}.Debug|Mixed Platforms.ActiveCfg = Debug|x86
		{487B127C-C578-4953-8470-83DAA300ADA8}.Debug|Mixed Platforms.Build.0 = Debug|x86
		{487B127C-C578-4953-8470-83DAA300ADA8}.Debug|x86.ActiveCfg = Debug|x86
		{487B127C-C578-4953-8470-83DAA300ADA8}.Debug|x86.Build.0 = Debug|x86
		{487B127C-C578-4953-8470-83DAA300ADA8}.Release|Any CPU.ActiveCfg = Release|x86
		{487B127C-C578-4953-8470-83DAA300ADA8}.Release|Mixed Platforms.ActiveCfg = Release|x86
		{487B127C-C578-4953-8470-83DAA300ADA8}.Release|Mixed Platforms.Build.0 = Release|x86
		{487B127C-C578-4953-8470-83DAA300ADA8}.Release|x86.ActiveCfg = Release|x86
		{487B127C-C578-4953-8470-83DAA300ADA8}.Release|x86.Build.0 = Release|x86
		{218B8DC0-44B1-4ABF-9261-CFEA5A71AE56}.Debug|Any CPU.ActiveCfg = Debug|Any CPU
		{218B8DC0-44B1-4ABF-9261-CFEA5A71AE56}.Debug|Any CPU.Build.0 = Debug|Any CPU
		{218B8DC0-44B1-4ABF-9261-CFEA5A71AE56}.Debug|Mixed Platforms.ActiveCfg = Debug|Any CPU
		{218B8DC0-44B1-4ABF-9261-CFEA5A71AE56}.Debug|Mixed Platforms.Build.0 = Debug|Any CPU
		{218B8DC0-44B1-4ABF-9261-CFEA5A71AE56}.Debug|x86.ActiveCfg = Debug|Any CPU
		{218B8DC0-44B1-4ABF-9261-CFEA5A71AE56}.Debug|x86.Build.0 = Debug|Any CPU
		{218B8DC0-44B1-4ABF-9261-CFEA5A71AE56}.Release|Any CPU.ActiveCfg = Release|Any CPU
		{218B8DC0-44B1-4ABF-9261-CFEA5A71AE56}.Release|Any CPU.Build.0 = Release|Any CPU
		{218B8DC0-44B1-4ABF-9261-CFEA5A71AE56}.Release|Mixed Platforms.ActiveCfg = Release|Any CPU
		{218B8DC0-44B1-4ABF-9261-CFEA5A71AE56}.Release|Mixed Platforms.Build.0 = Release|Any CPU
		{218B8DC0-44B1-4ABF-9261-CFEA5A71AE56}.Release|x86.ActiveCfg = Release|Any CPU
		{218B8DC0-44B1-4ABF-9261-CFEA5A71AE56}.Release|x86.Build.0 = Release|Any CPU
		{48C8EABF-85AE-4CD5-8FA6-DEE10DE08325}.Debug|Any CPU.ActiveCfg = Debug|Any CPU
		{48C8EABF-85AE-4CD5-8FA6-DEE10DE08325}.Debug|Any CPU.Build.0 = Debug|Any CPU
		{48C8EABF-85AE-4CD5-8FA6-DEE10DE08325}.Debug|Mixed Platforms.ActiveCfg = Debug|Any CPU
		{48C8EABF-85AE-4CD5-8FA6-DEE10DE08325}.Debug|Mixed Platforms.Build.0 = Debug|Any CPU
		{48C8EABF-85AE-4CD5-8FA6-DEE10DE08325}.Debug|x86.ActiveCfg = Debug|Any CPU
		{48C8EABF-85AE-4CD5-8FA6-DEE10DE08325}.Debug|x86.Build.0 = Debug|Any CPU
		{48C8EABF-85AE-4CD5-8FA6-DEE10DE08325}.Release|Any CPU.ActiveCfg = Release|Any CPU
		{48C8EABF-85AE-4CD5-8FA6-DEE10DE08325}.Release|Any CPU.Build.0 = Release|Any CPU
		{48C8EABF-85AE-4CD5-8FA6-DEE10DE08325}.Release|Mixed Platforms.ActiveCfg = Release|Any CPU
		{48C8EABF-85AE-4CD5-8FA6-DEE10DE08325}.Release|Mixed Platforms.Build.0 = Release|Any CPU
		{48C8EABF-85AE-4CD5-8FA6-DEE10DE08325}.Release|x86.ActiveCfg = Release|Any CPU
		{48C8EABF-85AE-4CD5-8FA6-DEE10DE08325}.Release|x86.Build.0 = Release|Any CPU
		{CD1A3794-1217-4775-8D29-3C8F2B2C0B30}.Debug|Any CPU.ActiveCfg = Debug|Any CPU
		{CD1A3794-1217-4775-8D29-3C8F2B2C0B30}.Debug|Any CPU.Build.0 = Debug|Any CPU
		{CD1A3794-1217-4775-8D29-3C8F2B2C0B30}.Debug|Mixed Platforms.ActiveCfg = Debug|Any CPU
		{CD1A3794-1217-4775-8D29-3C8F2B2C0B30}.Debug|Mixed Platforms.Build.0 = Debug|Any CPU
		{CD1A3794-1217-4775-8D29-3C8F2B2C0B30}.Debug|x86.ActiveCfg = Debug|Any CPU
		{CD1A3794-1217-4775-8D29-3C8F2B2C0B30}.Debug|x86.Build.0 = Debug|Any CPU
		{CD1A3794-1217-4775-8D29-3C8F2B2C0B30}.Release|Any CPU.ActiveCfg = Release|Any CPU
		{CD1A3794-1217-4775-8D29-3C8F2B2C0B30}.Release|Any CPU.Build.0 = Release|Any CPU
		{CD1A3794-1217-4775-8D29-3C8F2B2C0B30}.Release|Mixed Platforms.ActiveCfg = Release|Any CPU
		{CD1A3794-1217-4775-8D29-3C8F2B2C0B30}.Release|Mixed Platforms.Build.0 = Release|Any CPU
		{CD1A3794-1217-4775-8D29-3C8F2B2C0B30}.Release|x86.ActiveCfg = Release|Any CPU
		{CD1A3794-1217-4775-8D29-3C8F2B2C0B30}.Release|x86.Build.0 = Release|Any CPU
		{CDBD3589-81F7-4E1C-889A-A050B15CFC8E}.Debug|Any CPU.ActiveCfg = Debug|Any CPU
		{CDBD3589-81F7-4E1C-889A-A050B15CFC8E}.Debug|Any CPU.Build.0 = Debug|Any CPU
		{CDBD3589-81F7-4E1C-889A-A050B15CFC8E}.Debug|Mixed Platforms.ActiveCfg = Debug|Any CPU
		{CDBD3589-81F7-4E1C-889A-A050B15CFC8E}.Debug|Mixed Platforms.Build.0 = Debug|Any CPU
		{CDBD3589-81F7-4E1C-889A-A050B15CFC8E}.Debug|x86.ActiveCfg = Debug|Any CPU
		{CDBD3589-81F7-4E1C-889A-A050B15CFC8E}.Debug|x86.Build.0 = Debug|Any CPU
		{CDBD3589-81F7-4E1C-889A-A050B15CFC8E}.Release|Any CPU.ActiveCfg = Release|Any CPU
		{CDBD3589-81F7-4E1C-889A-A050B15CFC8E}.Release|Any CPU.Build.0 = Release|Any CPU
		{CDBD3589-81F7-4E1C-889A-A050B15CFC8E}.Release|Mixed Platforms.ActiveCfg = Release|Any CPU
		{CDBD3589-81F7-4E1C-889A-A050B15CFC8E}.Release|Mixed Platforms.Build.0 = Release|Any CPU
		{CDBD3589-81F7-4E1C-889A-A050B15CFC8E}.Release|x86.ActiveCfg = Release|Any CPU
		{CDBD3589-81F7-4E1C-889A-A050B15CFC8E}.Release|x86.Build.0 = Release|Any CPU
		{8C075A91-D977-4C5F-814A-9AA2A210B931}.Debug|Any CPU.ActiveCfg = Debug|Any CPU
		{8C075A91-D977-4C5F-814A-9AA2A210B931}.Debug|Any CPU.Build.0 = Debug|Any CPU
		{8C075A91-D977-4C5F-814A-9AA2A210B931}.Debug|Mixed Platforms.ActiveCfg = Debug|Any CPU
		{8C075A91-D977-4C5F-814A-9AA2A210B931}.Debug|Mixed Platforms.Build.0 = Debug|Any CPU
		{8C075A91-D977-4C5F-814A-9AA2A210B931}.Debug|x86.ActiveCfg = Debug|Any CPU
		{8C075A91-D977-4C5F-814A-9AA2A210B931}.Debug|x86.Build.0 = Debug|Any CPU
		{8C075A91-D977-4C5F-814A-9AA2A210B931}.Release|Any CPU.ActiveCfg = Release|Any CPU
		{8C075A91-D977-4C5F-814A-9AA2A210B931}.Release|Any CPU.Build.0 = Release|Any CPU
		{8C075A91-D977-4C5F-814A-9AA2A210B931}.Release|Mixed Platforms.ActiveCfg = Release|Any CPU
		{8C075A91-D977-4C5F-814A-9AA2A210B931}.Release|Mixed Platforms.Build.0 = Release|Any CPU
		{8C075A91-D977-4C5F-814A-9AA2A210B931}.Release|x86.ActiveCfg = Release|Any CPU
		{8C075A91-D977-4C5F-814A-9AA2A210B931}.Release|x86.Build.0 = Release|Any CPU
		{CCE767A1-7223-461A-A413-2225BBE20DE4}.Debug|Any CPU.ActiveCfg = Debug|Any CPU
		{CCE767A1-7223-461A-A413-2225BBE20DE4}.Debug|Any CPU.Build.0 = Debug|Any CPU
		{CCE767A1-7223-461A-A413-2225BBE20DE4}.Debug|Mixed Platforms.ActiveCfg = Debug|Any CPU
		{CCE767A1-7223-461A-A413-2225BBE20DE4}.Debug|Mixed Platforms.Build.0 = Debug|Any CPU
		{CCE767A1-7223-461A-A413-2225BBE20DE4}.Debug|x86.ActiveCfg = Debug|Any CPU
		{CCE767A1-7223-461A-A413-2225BBE20DE4}.Debug|x86.Build.0 = Debug|Any CPU
		{CCE767A1-7223-461A-A413-2225BBE20DE4}.Release|Any CPU.ActiveCfg = Release|Any CPU
		{CCE767A1-7223-461A-A413-2225BBE20DE4}.Release|Any CPU.Build.0 = Release|Any CPU
		{CCE767A1-7223-461A-A413-2225BBE20DE4}.Release|Mixed Platforms.ActiveCfg = Release|Any CPU
		{CCE767A1-7223-461A-A413-2225BBE20DE4}.Release|Mixed Platforms.Build.0 = Release|Any CPU
		{CCE767A1-7223-461A-A413-2225BBE20DE4}.Release|x86.ActiveCfg = Release|Any CPU
		{CCE767A1-7223-461A-A413-2225BBE20DE4}.Release|x86.Build.0 = Release|Any CPU
		{70D2C305-AC26-4A91-AEA9-6F8C12713EBE}.Debug|Any CPU.ActiveCfg = Debug|Any CPU
		{70D2C305-AC26-4A91-AEA9-6F8C12713EBE}.Debug|Any CPU.Build.0 = Debug|Any CPU
		{70D2C305-AC26-4A91-AEA9-6F8C12713EBE}.Debug|Mixed Platforms.ActiveCfg = Debug|Any CPU
		{70D2C305-AC26-4A91-AEA9-6F8C12713EBE}.Debug|Mixed Platforms.Build.0 = Debug|Any CPU
		{70D2C305-AC26-4A91-AEA9-6F8C12713EBE}.Debug|x86.ActiveCfg = Debug|Any CPU
		{70D2C305-AC26-4A91-AEA9-6F8C12713EBE}.Debug|x86.Build.0 = Debug|Any CPU
		{70D2C305-AC26-4A91-AEA9-6F8C12713EBE}.Release|Any CPU.ActiveCfg = Release|Any CPU
		{70D2C305-AC26-4A91-AEA9-6F8C12713EBE}.Release|Any CPU.Build.0 = Release|Any CPU
		{70D2C305-AC26-4A91-AEA9-6F8C12713EBE}.Release|Mixed Platforms.ActiveCfg = Release|Any CPU
		{70D2C305-AC26-4A91-AEA9-6F8C12713EBE}.Release|Mixed Platforms.Build.0 = Release|Any CPU
		{70D2C305-AC26-4A91-AEA9-6F8C12713EBE}.Release|x86.ActiveCfg = Release|Any CPU
		{70D2C305-AC26-4A91-AEA9-6F8C12713EBE}.Release|x86.Build.0 = Release|Any CPU
		{8C302F2E-4EB2-4BB1-9CE5-624FA4C376F2}.Debug|Any CPU.ActiveCfg = Debug|Any CPU
		{8C302F2E-4EB2-4BB1-9CE5-624FA4C376F2}.Debug|Any CPU.Build.0 = Debug|Any CPU
		{8C302F2E-4EB2-4BB1-9CE5-624FA4C376F2}.Debug|Mixed Platforms.ActiveCfg = Debug|Any CPU
		{8C302F2E-4EB2-4BB1-9CE5-624FA4C376F2}.Debug|Mixed Platforms.Build.0 = Debug|Any CPU
		{8C302F2E-4EB2-4BB1-9CE5-624FA4C376F2}.Debug|x86.ActiveCfg = Debug|Any CPU
		{8C302F2E-4EB2-4BB1-9CE5-624FA4C376F2}.Debug|x86.Build.0 = Debug|Any CPU
		{8C302F2E-4EB2-4BB1-9CE5-624FA4C376F2}.Release|Any CPU.ActiveCfg = Release|Any CPU
		{8C302F2E-4EB2-4BB1-9CE5-624FA4C376F2}.Release|Any CPU.Build.0 = Release|Any CPU
		{8C302F2E-4EB2-4BB1-9CE5-624FA4C376F2}.Release|Mixed Platforms.ActiveCfg = Release|Any CPU
		{8C302F2E-4EB2-4BB1-9CE5-624FA4C376F2}.Release|Mixed Platforms.Build.0 = Release|Any CPU
		{8C302F2E-4EB2-4BB1-9CE5-624FA4C376F2}.Release|x86.ActiveCfg = Release|Any CPU
		{8C302F2E-4EB2-4BB1-9CE5-624FA4C376F2}.Release|x86.Build.0 = Release|Any CPU
		{C506EB60-1EB3-42E4-8E1A-828C05E4BF6B}.Debug|Any CPU.ActiveCfg = Debug|Any CPU
		{C506EB60-1EB3-42E4-8E1A-828C05E4BF6B}.Debug|Any CPU.Build.0 = Debug|Any CPU
		{C506EB60-1EB3-42E4-8E1A-828C05E4BF6B}.Debug|Mixed Platforms.ActiveCfg = Debug|Any CPU
		{C506EB60-1EB3-42E4-8E1A-828C05E4BF6B}.Debug|Mixed Platforms.Build.0 = Debug|Any CPU
		{C506EB60-1EB3-42E4-8E1A-828C05E4BF6B}.Debug|x86.ActiveCfg = Debug|Any CPU
		{C506EB60-1EB3-42E4-8E1A-828C05E4BF6B}.Debug|x86.Build.0 = Debug|Any CPU
		{C506EB60-1EB3-42E4-8E1A-828C05E4BF6B}.Release|Any CPU.ActiveCfg = Release|Any CPU
		{C506EB60-1EB3-42E4-8E1A-828C05E4BF6B}.Release|Any CPU.Build.0 = Release|Any CPU
		{C506EB60-1EB3-42E4-8E1A-828C05E4BF6B}.Release|Mixed Platforms.ActiveCfg = Release|Any CPU
		{C506EB60-1EB3-42E4-8E1A-828C05E4BF6B}.Release|Mixed Platforms.Build.0 = Release|Any CPU
		{C506EB60-1EB3-42E4-8E1A-828C05E4BF6B}.Release|x86.ActiveCfg = Release|Any CPU
		{C506EB60-1EB3-42E4-8E1A-828C05E4BF6B}.Release|x86.Build.0 = Release|Any CPU
		{C8793F0F-21AB-4316-9123-07A561AF6C76}.Debug|Any CPU.ActiveCfg = Debug|Any CPU
		{C8793F0F-21AB-4316-9123-07A561AF6C76}.Debug|Any CPU.Build.0 = Debug|Any CPU
		{C8793F0F-21AB-4316-9123-07A561AF6C76}.Debug|Mixed Platforms.ActiveCfg = Debug|Any CPU
		{C8793F0F-21AB-4316-9123-07A561AF6C76}.Debug|Mixed Platforms.Build.0 = Debug|Any CPU
		{C8793F0F-21AB-4316-9123-07A561AF6C76}.Debug|x86.ActiveCfg = Debug|Any CPU
		{C8793F0F-21AB-4316-9123-07A561AF6C76}.Debug|x86.Build.0 = Debug|Any CPU
		{C8793F0F-21AB-4316-9123-07A561AF6C76}.Release|Any CPU.ActiveCfg = Release|Any CPU
		{C8793F0F-21AB-4316-9123-07A561AF6C76}.Release|Any CPU.Build.0 = Release|Any CPU
		{C8793F0F-21AB-4316-9123-07A561AF6C76}.Release|Mixed Platforms.ActiveCfg = Release|Any CPU
		{C8793F0F-21AB-4316-9123-07A561AF6C76}.Release|Mixed Platforms.Build.0 = Release|Any CPU
		{C8793F0F-21AB-4316-9123-07A561AF6C76}.Release|x86.ActiveCfg = Release|Any CPU
		{C8793F0F-21AB-4316-9123-07A561AF6C76}.Release|x86.Build.0 = Release|Any CPU
		{F3D8551F-0E2A-478B-BE42-C0B3DC8EA9D5}.Debug|Any CPU.ActiveCfg = Debug|Any CPU
		{F3D8551F-0E2A-478B-BE42-C0B3DC8EA9D5}.Debug|Any CPU.Build.0 = Debug|Any CPU
		{F3D8551F-0E2A-478B-BE42-C0B3DC8EA9D5}.Debug|Mixed Platforms.ActiveCfg = Debug|Any CPU
		{F3D8551F-0E2A-478B-BE42-C0B3DC8EA9D5}.Debug|Mixed Platforms.Build.0 = Debug|Any CPU
		{F3D8551F-0E2A-478B-BE42-C0B3DC8EA9D5}.Debug|x86.ActiveCfg = Debug|Any CPU
		{F3D8551F-0E2A-478B-BE42-C0B3DC8EA9D5}.Debug|x86.Build.0 = Debug|Any CPU
		{F3D8551F-0E2A-478B-BE42-C0B3DC8EA9D5}.Release|Any CPU.ActiveCfg = Release|Any CPU
		{F3D8551F-0E2A-478B-BE42-C0B3DC8EA9D5}.Release|Any CPU.Build.0 = Release|Any CPU
		{F3D8551F-0E2A-478B-BE42-C0B3DC8EA9D5}.Release|Mixed Platforms.ActiveCfg = Release|Any CPU
		{F3D8551F-0E2A-478B-BE42-C0B3DC8EA9D5}.Release|Mixed Platforms.Build.0 = Release|Any CPU
		{F3D8551F-0E2A-478B-BE42-C0B3DC8EA9D5}.Release|x86.ActiveCfg = Release|Any CPU
		{F3D8551F-0E2A-478B-BE42-C0B3DC8EA9D5}.Release|x86.Build.0 = Release|Any CPU
		{1F3192BF-125E-4D51-B63F-621BB269CB24}.Debug|Any CPU.ActiveCfg = Debug|Any CPU
		{1F3192BF-125E-4D51-B63F-621BB269CB24}.Debug|Any CPU.Build.0 = Debug|Any CPU
		{1F3192BF-125E-4D51-B63F-621BB269CB24}.Debug|Mixed Platforms.ActiveCfg = Debug|Any CPU
		{1F3192BF-125E-4D51-B63F-621BB269CB24}.Debug|Mixed Platforms.Build.0 = Debug|Any CPU
		{1F3192BF-125E-4D51-B63F-621BB269CB24}.Debug|x86.ActiveCfg = Debug|Any CPU
		{1F3192BF-125E-4D51-B63F-621BB269CB24}.Debug|x86.Build.0 = Debug|Any CPU
		{1F3192BF-125E-4D51-B63F-621BB269CB24}.Release|Any CPU.ActiveCfg = Release|Any CPU
		{1F3192BF-125E-4D51-B63F-621BB269CB24}.Release|Any CPU.Build.0 = Release|Any CPU
		{1F3192BF-125E-4D51-B63F-621BB269CB24}.Release|Mixed Platforms.ActiveCfg = Release|Any CPU
		{1F3192BF-125E-4D51-B63F-621BB269CB24}.Release|Mixed Platforms.Build.0 = Release|Any CPU
		{1F3192BF-125E-4D51-B63F-621BB269CB24}.Release|x86.ActiveCfg = Release|Any CPU
		{1F3192BF-125E-4D51-B63F-621BB269CB24}.Release|x86.Build.0 = Release|Any CPU
		{D19D50BD-ACB2-4205-8CCB-6353E8D176B4}.Debug|Any CPU.ActiveCfg = Debug|Any CPU
		{D19D50BD-ACB2-4205-8CCB-6353E8D176B4}.Debug|Any CPU.Build.0 = Debug|Any CPU
		{D19D50BD-ACB2-4205-8CCB-6353E8D176B4}.Debug|Mixed Platforms.ActiveCfg = Debug|Any CPU
		{D19D50BD-ACB2-4205-8CCB-6353E8D176B4}.Debug|Mixed Platforms.Build.0 = Debug|Any CPU
		{D19D50BD-ACB2-4205-8CCB-6353E8D176B4}.Debug|x86.ActiveCfg = Debug|Any CPU
		{D19D50BD-ACB2-4205-8CCB-6353E8D176B4}.Debug|x86.Build.0 = Debug|Any CPU
		{D19D50BD-ACB2-4205-8CCB-6353E8D176B4}.Release|Any CPU.ActiveCfg = Release|Any CPU
		{D19D50BD-ACB2-4205-8CCB-6353E8D176B4}.Release|Any CPU.Build.0 = Release|Any CPU
		{D19D50BD-ACB2-4205-8CCB-6353E8D176B4}.Release|Mixed Platforms.ActiveCfg = Release|Any CPU
		{D19D50BD-ACB2-4205-8CCB-6353E8D176B4}.Release|Mixed Platforms.Build.0 = Release|Any CPU
		{D19D50BD-ACB2-4205-8CCB-6353E8D176B4}.Release|x86.ActiveCfg = Release|Any CPU
		{D19D50BD-ACB2-4205-8CCB-6353E8D176B4}.Release|x86.Build.0 = Release|Any CPU
		{1F34E882-426D-453C-9DC2-ED1A4C908907}.Debug|Any CPU.ActiveCfg = Debug|Any CPU
		{1F34E882-426D-453C-9DC2-ED1A4C908907}.Debug|Any CPU.Build.0 = Debug|Any CPU
		{1F34E882-426D-453C-9DC2-ED1A4C908907}.Debug|Mixed Platforms.ActiveCfg = Debug|Any CPU
		{1F34E882-426D-453C-9DC2-ED1A4C908907}.Debug|Mixed Platforms.Build.0 = Debug|Any CPU
		{1F34E882-426D-453C-9DC2-ED1A4C908907}.Debug|x86.ActiveCfg = Debug|Any CPU
		{1F34E882-426D-453C-9DC2-ED1A4C908907}.Debug|x86.Build.0 = Debug|Any CPU
		{1F34E882-426D-453C-9DC2-ED1A4C908907}.Release|Any CPU.ActiveCfg = Release|Any CPU
		{1F34E882-426D-453C-9DC2-ED1A4C908907}.Release|Any CPU.Build.0 = Release|Any CPU
		{1F34E882-426D-453C-9DC2-ED1A4C908907}.Release|Mixed Platforms.ActiveCfg = Release|Any CPU
		{1F34E882-426D-453C-9DC2-ED1A4C908907}.Release|Mixed Platforms.Build.0 = Release|Any CPU
		{1F34E882-426D-453C-9DC2-ED1A4C908907}.Release|x86.ActiveCfg = Release|Any CPU
		{1F34E882-426D-453C-9DC2-ED1A4C908907}.Release|x86.Build.0 = Release|Any CPU
		{6854E1D2-DBBE-41CB-922D-3F746FBEEA9F}.Debug|Any CPU.ActiveCfg = Debug|x86
		{6854E1D2-DBBE-41CB-922D-3F746FBEEA9F}.Debug|Mixed Platforms.ActiveCfg = Debug|x86
		{6854E1D2-DBBE-41CB-922D-3F746FBEEA9F}.Debug|Mixed Platforms.Build.0 = Debug|x86
		{6854E1D2-DBBE-41CB-922D-3F746FBEEA9F}.Debug|x86.ActiveCfg = Debug|x86
		{6854E1D2-DBBE-41CB-922D-3F746FBEEA9F}.Debug|x86.Build.0 = Debug|x86
		{6854E1D2-DBBE-41CB-922D-3F746FBEEA9F}.Release|Any CPU.ActiveCfg = Release|x86
		{6854E1D2-DBBE-41CB-922D-3F746FBEEA9F}.Release|Mixed Platforms.ActiveCfg = Release|x86
		{6854E1D2-DBBE-41CB-922D-3F746FBEEA9F}.Release|Mixed Platforms.Build.0 = Release|x86
		{6854E1D2-DBBE-41CB-922D-3F746FBEEA9F}.Release|x86.ActiveCfg = Release|x86
		{6854E1D2-DBBE-41CB-922D-3F746FBEEA9F}.Release|x86.Build.0 = Release|x86
	EndGlobalSection
	GlobalSection(SolutionProperties) = preSolution
		HideSolutionNode = FALSE
	EndGlobalSection
EndGlobal
